
Microsoft Visual Studio Solution File, Format Version 12.00
# Visual Studio Version 17
VisualStudioVersion = 17.14.37411.7 d17.14
MinimumVisualStudioVersion = 10.0.40219.1
Project("{FAE04EC0-301F-11D3-BF4B-00C04F79EFBC}") = "PixelBurguer", "PixelBurguer\PixelBurguer.csproj", "{85750EE6-066F-4727-8824-9472572EA720}"
EndProject
Global
	GlobalSection(SolutionConfigurationPlatforms) = preSolution
		Debug|Any CPU = Debug|Any CPU
		Release|Any CPU = Release|Any CPU
	EndGlobalSection
	GlobalSection(ProjectConfigurationPlatforms) = postSolution
		{85750EE6-066F-4727-8824-9472572EA720}.Debug|Any CPU.ActiveCfg = Debug|Any CPU
		{85750EE6-066F-4727-8824-9472572EA720}.Debug|Any CPU.Build.0 = Debug|Any CPU
		{85750EE6-066F-4727-8824-9472572EA720}.Release|Any CPU.ActiveCfg = Release|Any CPU
		{85750EE6-066F-4727-8824-9472572EA720}.Release|Any CPU.Build.0 = Release|Any CPU
	EndGlobalSection
	GlobalSection(SolutionProperties) = preSolution
		HideSolutionNode = FALSE
	EndGlobalSection
	GlobalSection(ExtensibilityGlobals) = postSolution
		SolutionGuid = {465B807E-E738-48E7-990B-3D25CC694C96}
	EndGlobalSection
EndGlobal
